// !$*UTF8*$!
{
	archiveVersion = 1;
	classes = {
	};
	objectVersion = 46;
	objects = {

/* Begin PBXBuildFile section */
		59860DAA1E941AD0003B8E14 /* AppDelegate.swift in Sources */ = {isa = PBXBuildFile; fileRef = 59860DA91E941AD0003B8E14 /* AppDelegate.swift */; };
		59860DAC1E941AD0003B8E14 /* ViewController.swift in Sources */ = {isa = PBXBuildFile; fileRef = 59860DAB1E941AD0003B8E14 /* ViewController.swift */; };
		59860DAF1E941AD0003B8E14 /* Main.storyboard in Resources */ = {isa = PBXBuildFile; fileRef = 59860DAD1E941AD0003B8E14 /* Main.storyboard */; };
		59860DB11E941AD0003B8E14 /* Assets.xcassets in Resources */ = {isa = PBXBuildFile; fileRef = 59860DB01E941AD0003B8E14 /* Assets.xcassets */; };
		59860DB41E941AD0003B8E14 /* LaunchScreen.storyboard in Resources */ = {isa = PBXBuildFile; fileRef = 59860DB21E941AD0003B8E14 /* LaunchScreen.storyboard */; };
		59860DBD1E941E7E003B8E14 /* KeychainOptions.swift in Sources */ = {isa = PBXBuildFile; fileRef = 59860DBB1E941E7E003B8E14 /* KeychainOptions.swift */; };
		59860DBE1E941E7E003B8E14 /* KeychainWrapper.swift in Sources */ = {isa = PBXBuildFile; fileRef = 59860DBC1E941E7E003B8E14 /* KeychainWrapper.swift */; };
/* End PBXBuildFile section */

/* Begin PBXFileReference section */
		59860DA61E941AD0003B8E14 /* Project28.app */ = {isa = PBXFileReference; explicitFileType = wrapper.application; includeInIndex = 0; path = Project28.app; sourceTree = BUILT_PRODUCTS_DIR; };
		59860DA91E941AD0003B8E14 /* AppDelegate.swift */ = {isa = PBXFileReference; lastKnownFileType = sourcecode.swift; path = AppDelegate.swift; sourceTree = "<group>"; };
		59860DAB1E941AD0003B8E14 /* ViewController.swift */ = {isa = PBXFileReference; lastKnownFileType = sourcecode.swift; path = ViewController.swift; sourceTree = "<group>"; };
		59860DAE1E941AD0003B8E14 /* Base */ = {isa = PBXFileReference; lastKnownFileType = file.storyboard; name = Base; path = Base.lproj/Main.storyboard; sourceTree = "<group>"; };
		59860DB01E941AD0003B8E14 /* Assets.xcassets */ = {isa = PBXFileReference; lastKnownFileType = folder.assetcatalog; path = Assets.xcassets; sourceTree = "<group>"; };
		59860DB31E941AD0003B8E14 /* Base */ = {isa = PBXFileReference; lastKnownFileType = file.storyboard; name = Base; path = Base.lproj/LaunchScreen.storyboard; sourceTree = "<group>"; };
		59860DB51E941AD0003B8E14 /* Info.plist */ = {isa = PBXFileReference; lastKnownFileType = text.plist.xml; path = Info.plist; sourceTree = "<group>"; };
		59860DBB1E941E7E003B8E14 /* KeychainOptions.swift */ = {isa = PBXFileReference; fileEncoding = 4; lastKnownFileType = sourcecode.swift; path = KeychainOptions.swift; sourceTree = "<group>"; };
		59860DBC1E941E7E003B8E14 /* KeychainWrapper.swift */ = {isa = PBXFileReference; fileEncoding = 4; lastKnownFileType = sourcecode.swift; path = KeychainWrapper.swift; sourceTree = "<group>"; };
/* End PBXFileReference section */

/* Begin PBXFrameworksBuildPhase section */
		59860DA31E941AD0003B8E14 /* Frameworks */ = {
			isa = PBXFrameworksBuildPhase;
			buildActionMask = 2147483647;
			files = (
			);
			runOnlyForDeploymentPostprocessing = 0;
		};
/* End PBXFrameworksBuildPhase section */

/* Begin PBXGroup section */
		59860D9D1E941AD0003B8E14 = {
			isa = PBXGroup;
			children = (
				59860DA81E941AD0003B8E14 /* Project28 */,
				59860DA71E941AD0003B8E14 /* Products */,
			);
			sourceTree = "<group>";
		};
		59860DA71E941AD0003B8E14 /* Products */ = {
			isa = PBXGroup;
			children = (
				59860DA61E941AD0003B8E14 /* Project28.app */,
			);
			name = Products;
			sourceTree = "<group>";
		};
		59860DA81E941AD0003B8E14 /* Project28 */ = {
			isa = PBXGroup;
			children = (
				59860DA91E941AD0003B8E14 /* AppDelegate.swift */,
				59860DAB1E941AD0003B8E14 /* ViewController.swift */,
				59860DAD1E941AD0003B8E14 /* Main.storyboard */,
				59860DB01E941AD0003B8E14 /* Assets.xcassets */,
				59860DB21E941AD0003B8E14 /* LaunchScreen.storyboard */,
				59860DB51E941AD0003B8E14 /* Info.plist */,
				59860DBB1E941E7E003B8E14 /* KeychainOptions.swift */,
				59860DBC1E941E7E003B8E14 /* KeychainWrapper.swift */,
			);
			path = Project28;
			sourceTree = "<group>";
		};
/* End PBXGroup section */

/* Begin PBXNativeTarget section */
		59860DA51E941AD0003B8E14 /* Project28 */ = {
			isa = PBXNativeTarget;
			buildConfigurationList = 59860DB81E941AD0003B8E14 /* Build configuration list for PBXNativeTarget "Project28" */;
			buildPhases = (
				59860DA21E941AD0003B8E14 /* Sources */,
				59860DA31E941AD0003B8E14 /* Frameworks */,
				59860DA41E941AD0003B8E14 /* Resources */,
			);
			buildRules = (
			);
			dependencies = (
			);
			name = Project28;
			productName = Project28;
			productReference = 59860DA61E941AD0003B8E14 /* Project28.app */;
			productType = "com.apple.product-type.application";
		};
/* End PBXNativeTarget section */

/* Begin PBXProject section */
		59860D9E1E941AD0003B8E14 /* Project object */ = {
			isa = PBXProject;
			attributes = {
				LastSwiftUpdateCheck = 0830;
				LastUpgradeCheck = 0830;
				ORGANIZATIONNAME = "D D";
				TargetAttributes = {
					59860DA51E941AD0003B8E14 = {
						CreatedOnToolsVersion = 8.3;
						DevelopmentTeam = Z95VW56SK2;
						ProvisioningStyle = Automatic;
					};
				};
			};
			buildConfigurationList = 59860DA11E941AD0003B8E14 /* Build configuration list for PBXProject "Project28" */;
			compatibilityVersion = "Xcode 3.2";
			developmentRegion = English;
			hasScannedForEncodings = 0;
			knownRegions = (
				en,
				Base,
			);
			mainGroup = 59860D9D1E941AD0003B8E14;
			productRefGroup = 59860DA71E941AD0003B8E14 /* Products */;
			projectDirPath = "";
			projectRoot = "";
			targets = (
				59860DA51E941AD0003B8E14 /* Project28 */,
			);
		};
/* End PBXProject section */

/* Begin PBXResourcesBuildPhase section */
		59860DA41E941AD0003B8E14 /* Resources */ = {
			isa = PBXResourcesBuildPhase;
			buildActionMask = 2147483647;
			files = (
				59860DB41E941AD0003B8E14 /* LaunchScreen.storyboard in Resources */,
				59860DB11E941AD0003B8E14 /* Assets.xcassets in Resources */,
				59860DAF1E941AD0003B8E14 /* Main.storyboard in Resources */,
			);
			runOnlyForDeploymentPostprocessing = 0;
		};
/* End PBXResourcesBuildPhase section */

/* Begin PBXSourcesBuildPhase section */
		59860DA21E941AD0003B8E14 /* Sources */ = {
			isa = PBXSourcesBuildPhase;
			buildActionMask = 2147483647;
			files = (
				59860DAC1E941AD0003B8E14 /* ViewController.swift in Sources */,
				59860DBE1E941E7E003B8E14 /* KeychainWrapper.swift in Sources */,
				59860DBD1E941E7E003B8E14 /* KeychainOptions.swift in Sources */,
				59860DAA1E941AD0003B8E14 /* AppDelegate.swift in Sources */,
			);
			runOnlyForDeploymentPostprocessing = 0;
		};
/* End PBXSourcesBuildPhase section */

/* Begin PBXVariantGroup section */
		59860DAD1E941AD0003B8E14 /* Main.storyboard */ = {
			isa = PBXVariantGroup;
			children = (
				59860DAE1E941AD0003B8E14 /* Base */,
			);
			name = Main.storyboard;
			sourceTree = "<group>";
		};
		59860DB21E941AD0003B8E14 /* LaunchScreen.storyboard */ = {
			isa = PBXVariantGroup;
			children = (
				59860DB31E941AD0003B8E14 /* Base */,
			);
			name = LaunchScreen.storyboard;
			sourceTree = "<group>";
		};
/* End PBXVariantGroup section */

/* Begin XCBuildConfiguration section */
		59860DB61E941AD0003B8E14 /* Debug */ = {
			isa = XCBuildConfiguration;
			buildSettings = {
				ALWAYS_SEARCH_USER_PATHS = NO;
				CLANG_ANALYZER_NONNULL = YES;
				CLANG_ANALYZER_NUMBER_OBJECT_CONVERSION = YES_AGGRESSIVE;
				CLANG_CXX_LANGUAGE_STANDARD = "gnu++0x";
				CLANG_CXX_LIBRARY = "libc++";
				CLANG_ENABLE_MODULES = YES;
				CLANG_ENABLE_OBJC_ARC = YES;
				CLANG_WARN_BOOL_CONVERSION = YES;
				CLANG_WARN_CONSTANT_CONVERSION = YES;
				CLANG_WARN_DIRECT_OBJC_ISA_USAGE = YES_ERROR;
				CLANG_WARN_DOCUMENTATION_COMMENTS = YES;
				CLANG_WARN_EMPTY_BODY = YES;
				CLANG_WARN_ENUM_CONVERSION = YES;
				CLANG_WARN_INFINITE_RECURSION = YES;
				CLANG_WARN_INT_CONVERSION = YES;
				CLANG_WARN_OBJC_ROOT_CLASS = YES_ERROR;
				CLANG_WARN_SUSPICIOUS_MOVE = YES;
				CLANG_WARN_UNREACHABLE_CODE = YES;
				CLANG_WARN__DUPLICATE_METHOD_MATCH = YES;
				"CODE_SIGN_IDENTITY[sdk=iphoneos*]" = "iPhone Developer";
				COPY_PHASE_STRIP = NO;
				DEBUG_INFORMATION_FORMAT = dwarf;
				ENABLE_STRICT_OBJC_MSGSEND = YES;
				ENABLE_TESTABILITY = YES;
				GCC_C_LANGUAGE_STANDARD = gnu99;
				GCC_DYNAMIC_NO_PIC = NO;
				GCC_NO_COMMON_BLOCKS = YES;
				GCC_OPTIMIZATION_LEVEL = 0;
				GCC_PREPROCESSOR_DEFINITIONS = (
					"DEBUG=1",
					"$(inherited)",
				);
				GCC_WARN_64_TO_32_BIT_CONVERSION = YES;
				GCC_WARN_ABOUT_RETURN_TYPE = YES_ERROR;
				GCC_WARN_UNDECLARED_SELECTOR = YES;
				GCC_WARN_UNINITIALIZED_AUTOS = YES_AGGRESSIVE;
				GCC_WARN_UNUSED_FUNCTION = YES;
				GCC_WARN_UNUSED_VARIABLE = YES;
				IPHONEOS_DEPLOYMENT_TARGET = 10.3;
				MTL_ENABLE_DEBUG_INFO = YES;
				ONLY_ACTIVE_ARCH = YES;
				SDKROOT = iphoneos;
				SWIFT_ACTIVE_COMPILATION_CONDITIONS = DEBUG;
				SWIFT_OPTIMIZATION_LEVEL = "-Onone";
				TARGETED_DEVICE_FAMILY = "1,2";
			};
			name = Debug;
		};
		59860DB71E941AD0003B8E14 /* Release */ = {
			isa = XCBuildConfiguration;
			buildSettings = {
				ALWAYS_SEARCH_USER_PATHS = NO;
				CLANG_ANALYZER_NONNULL = YES;
				CLANG_ANALYZER_NUMBER_OBJECT_CONVERSION = YES_AGGRESSIVE;
				CLANG_CXX_LANGUAGE_STANDARD = "gnu++0x";
				CLANG_CXX_LIBRARY = "libc++";
				CLANG_ENABLE_MODULES = YES;
				CLANG_ENABLE_OBJC_ARC = YES;
				CLANG_WARN_BOOL_CONVERSION = YES;
				CLANG_WARN_CONSTANT_CONVERSION = YES;
				CLANG_WARN_DIRECT_OBJC_ISA_USAGE = YES_ERROR;
				CLANG_WARN_DOCUMENTATION_COMMENTS = YES;
				CLANG_WARN_EMPTY_BODY = YES;
				CLANG_WARN_ENUM_CONVERSION = YES;
				CLANG_WARN_INFINITE_RECURSION = YES;
				CLANG_WARN_INT_CONVERSION = YES;
				CLANG_WARN_OBJC_ROOT_CLASS = YES_ERROR;
				CLANG_WARN_SUSPICIOUS_MOVE = YES;
				CLANG_WARN_UNREACHABLE_CODE = YES;
				CLANG_WARN__DUPLICATE_METHOD_MATCH = YES;
				"CODE_SIGN_IDENTITY[sdk=iphoneos*]" = "iPhone Developer";
				COPY_PHASE_STRIP = NO;
				DEBUG_INFORMATION_FORMAT = "dwarf-with-dsym";
				ENABLE_NS_ASSERTIONS = NO;
				ENABLE_STRICT_OBJC_MSGSEND = YES;
				GCC_C_LANGUAGE_STANDARD = gnu99;
				GCC_NO_COMMON_BLOCKS = YES;
				GCC_WARN_64_TO_32_BIT_CONVERSION = YES;
				GCC_WARN_ABOUT_RETURN_TYPE = YES_ERROR;
				GCC_WARN_UNDECLARED_SELECTOR = YES;
				GCC_WARN_UNINITIALIZED_AUTOS = YES_AGGRESSIVE;
				GCC_WARN_UNUSED_FUNCTION = YES;
				GCC_WARN_UNUSED_VARIABLE = YES;
				IPHONEOS_DEPLOYMENT_TARGET = 10.3;
				MTL_ENABLE_DEBUG_INFO = NO;
				SDKROOT = iphoneos;
				SWIFT_OPTIMIZATION_LEVEL = "-Owholemodule";
				TARGETED_DEVICE_FAMILY = "1,2";
				VALIDATE_PRODUCT = YES;
			};
			name = Release;
		};
		59860DB91E941AD0003B8E14 /* Debug */ = {
			isa = XCBuildConfiguration;
			buildSettings = {
				ASSETCATALOG_COMPILER_APPICON_NAME = AppIcon;
				DEVELOPMENT_TEAM = Z95VW56SK2;
				INFOPLIST_FILE = Project28/Info.plist;
				LD_RUNPATH_SEARCH_PATHS = "$(inherited) @executable_path/Frameworks";
				PRODUCT_BUNDLE_IDENTIFIER = com.dd.Project28;
				PRODUCT_NAME = "$(TARGET_NAME)";
				SWIFT_VERSION = 3.0;
			};
			name = Debug;
		};
		59860DBA1E941AD0003B8E14 /* Release */ = {
			isa = XCBuildConfiguration;
			buildSettings = {
				ASSETCATALOG_COMPILER_APPICON_NAME = AppIcon;
				DEVELOPMENT_TEAM = Z95VW56SK2;
				INFOPLIST_FILE = Project28/Info.plist;
				LD_RUNPATH_SEARCH_PATHS = "$(inherited) @executable_path/Frameworks";
				PRODUCT_BUNDLE_IDENTIFIER = com.dd.Project28;
				PRODUCT_NAME = "$(TARGET_NAME)";
				SWIFT_VERSION = 3.0;
			};
			name = Release;
		};
/* End XCBuildConfiguration section */

/* Begin XCConfigurationList section */
		59860DA11E941AD0003B8E14 /* Build configuration list for PBXProject "Project28" */ = {
			isa = XCConfigurationList;
			buildConfigurations = (
				59860DB61E941AD0003B8E14 /* Debug */,
				59860DB71E941AD0003B8E14 /* Release */,
			);
			defaultConfigurationIsVisible = 0;
			defaultConfigurationName = Release;
		};
		59860DB81E941AD0003B8E14 /* Build configuration list for PBXNativeTarget "Project28" */ = {
			isa = XCConfigurationList;
			buildConfigurations = (
				59860DB91E941AD0003B8E14 /* Debug */,
				59860DBA1E941AD0003B8E14 /* Release */,
			);
			defaultConfigurationIsVisible = 0;
		};
/* End XCConfigurationList section */
	};
	rootObject = 59860D9E1E941AD0003B8E14 /* Project object */;
}
