// !$*UTF8*$!
{
	archiveVersion = 1;
	classes = {
	};
	objectVersion = 46;
	objects = {

/* Begin PBXBuildFile section */
		59715FB61E28A4AE002A0EEC /* AppDelegate.swift in Sources */ = {isa = PBXBuildFile; fileRef = 59715FB51E28A4AE002A0EEC /* AppDelegate.swift */; };
		59715FB81E28A4AE002A0EEC /* ViewController.swift in Sources */ = {isa = PBXBuildFile; fileRef = 59715FB71E28A4AE002A0EEC /* ViewController.swift */; };
		59715FBB1E28A4AE002A0EEC /* Main.storyboard in Resources */ = {isa = PBXBuildFile; fileRef = 59715FB91E28A4AE002A0EEC /* Main.storyboard */; };
		59715FBD1E28A4AE002A0EEC /* Assets.xcassets in Resources */ = {isa = PBXBuildFile; fileRef = 59715FBC1E28A4AE002A0EEC /* Assets.xcassets */; };
		59715FC01E28A4AE002A0EEC /* LaunchScreen.storyboard in Resources */ = {isa = PBXBuildFile; fileRef = 59715FBE1E28A4AE002A0EEC /* LaunchScreen.storyboard */; };
		59715FC81E28A54E002A0EEC /* start.txt in Resources */ = {isa = PBXBuildFile; fileRef = 59715FC71E28A54E002A0EEC /* start.txt */; };
/* End PBXBuildFile section */

/* Begin PBXFileReference section */
		59715FB21E28A4AE002A0EEC /* Project5.app */ = {isa = PBXFileReference; explicitFileType = wrapper.application; includeInIndex = 0; path = Project5.app; sourceTree = BUILT_PRODUCTS_DIR; };
		59715FB51E28A4AE002A0EEC /* AppDelegate.swift */ = {isa = PBXFileReference; lastKnownFileType = sourcecode.swift; path = AppDelegate.swift; sourceTree = "<group>"; };
		59715FB71E28A4AE002A0EEC /* ViewController.swift */ = {isa = PBXFileReference; lastKnownFileType = sourcecode.swift; path = ViewController.swift; sourceTree = "<group>"; };
		59715FBA1E28A4AE002A0EEC /* Base */ = {isa = PBXFileReference; lastKnownFileType = file.storyboard; name = Base; path = Base.lproj/Main.storyboard; sourceTree = "<group>"; };
		59715FBC1E28A4AE002A0EEC /* Assets.xcassets */ = {isa = PBXFileReference; lastKnownFileType = folder.assetcatalog; path = Assets.xcassets; sourceTree = "<group>"; };
		59715FBF1E28A4AE002A0EEC /* Base */ = {isa = PBXFileReference; lastKnownFileType = file.storyboard; name = Base; path = Base.lproj/LaunchScreen.storyboard; sourceTree = "<group>"; };
		59715FC11E28A4AE002A0EEC /* Info.plist */ = {isa = PBXFileReference; lastKnownFileType = text.plist.xml; path = Info.plist; sourceTree = "<group>"; };
		59715FC71E28A54E002A0EEC /* start.txt */ = {isa = PBXFileReference; fileEncoding = 4; lastKnownFileType = text; path = start.txt; sourceTree = "<group>"; };
/* End PBXFileReference section */

/* Begin PBXFrameworksBuildPhase section */
		59715FAF1E28A4AE002A0EEC /* Frameworks */ = {
			isa = PBXFrameworksBuildPhase;
			buildActionMask = 2147483647;
			files = (
			);
			runOnlyForDeploymentPostprocessing = 0;
		};
/* End PBXFrameworksBuildPhase section */

/* Begin PBXGroup section */
		59715FA91E28A4AE002A0EEC = {
			isa = PBXGroup;
			children = (
				59715FB41E28A4AE002A0EEC /* Project5 */,
				59715FB31E28A4AE002A0EEC /* Products */,
			);
			sourceTree = "<group>";
		};
		59715FB31E28A4AE002A0EEC /* Products */ = {
			isa = PBXGroup;
			children = (
				59715FB21E28A4AE002A0EEC /* Project5.app */,
			);
			name = Products;
			sourceTree = "<group>";
		};
		59715FB41E28A4AE002A0EEC /* Project5 */ = {
			isa = PBXGroup;
			children = (
				59715FB51E28A4AE002A0EEC /* AppDelegate.swift */,
				59715FB71E28A4AE002A0EEC /* ViewController.swift */,
				59715FB91E28A4AE002A0EEC /* Main.storyboard */,
				59715FBC1E28A4AE002A0EEC /* Assets.xcassets */,
				59715FBE1E28A4AE002A0EEC /* LaunchScreen.storyboard */,
				59715FC11E28A4AE002A0EEC /* Info.plist */,
				59715FC71E28A54E002A0EEC /* start.txt */,
			);
			path = Project5;
			sourceTree = "<group>";
		};
/* End PBXGroup section */

/* Begin PBXNativeTarget section */
		59715FB11E28A4AE002A0EEC /* Project5 */ = {
			isa = PBXNativeTarget;
			buildConfigurationList = 59715FC41E28A4AE002A0EEC /* Build configuration list for PBXNativeTarget "Project5" */;
			buildPhases = (
				59715FAE1E28A4AE002A0EEC /* Sources */,
				59715FAF1E28A4AE002A0EEC /* Frameworks */,
				59715FB01E28A4AE002A0EEC /* Resources */,
			);
			buildRules = (
			);
			dependencies = (
			);
			name = Project5;
			productName = Project5;
			productReference = 59715FB21E28A4AE002A0EEC /* Project5.app */;
			productType = "com.apple.product-type.application";
		};
/* End PBXNativeTarget section */

/* Begin PBXProject section */
		59715FAA1E28A4AE002A0EEC /* Project object */ = {
			isa = PBXProject;
			attributes = {
				LastSwiftUpdateCheck = 0820;
				LastUpgradeCheck = 0820;
				ORGANIZATIONNAME = "Mind Boost Apps";
				TargetAttributes = {
					59715FB11E28A4AE002A0EEC = {
						CreatedOnToolsVersion = 8.2;
						DevelopmentTeam = Z95VW56SK2;
						ProvisioningStyle = Automatic;
					};
				};
			};
			buildConfigurationList = 59715FAD1E28A4AE002A0EEC /* Build configuration list for PBXProject "Project5" */;
			compatibilityVersion = "Xcode 3.2";
			developmentRegion = English;
			hasScannedForEncodings = 0;
			knownRegions = (
				en,
				Base,
			);
			mainGroup = 59715FA91E28A4AE002A0EEC;
			productRefGroup = 59715FB31E28A4AE002A0EEC /* Products */;
			projectDirPath = "";
			projectRoot = "";
			targets = (
				59715FB11E28A4AE002A0EEC /* Project5 */,
			);
		};
/* End PBXProject section */

/* Begin PBXResourcesBuildPhase section */
		59715FB01E28A4AE002A0EEC /* Resources */ = {
			isa = PBXResourcesBuildPhase;
			buildActionMask = 2147483647;
			files = (
				59715FC01E28A4AE002A0EEC /* LaunchScreen.storyboard in Resources */,
				59715FC81E28A54E002A0EEC /* start.txt in Resources */,
				59715FBD1E28A4AE002A0EEC /* Assets.xcassets in Resources */,
				59715FBB1E28A4AE002A0EEC /* Main.storyboard in Resources */,
			);
			runOnlyForDeploymentPostprocessing = 0;
		};
/* End PBXResourcesBuildPhase section */

/* Begin PBXSourcesBuildPhase section */
		59715FAE1E28A4AE002A0EEC /* Sources */ = {
			isa = PBXSourcesBuildPhase;
			buildActionMask = 2147483647;
			files = (
				59715FB81E28A4AE002A0EEC /* ViewController.swift in Sources */,
				59715FB61E28A4AE002A0EEC /* AppDelegate.swift in Sources */,
			);
			runOnlyForDeploymentPostprocessing = 0;
		};
/* End PBXSourcesBuildPhase section */

/* Begin PBXVariantGroup section */
		59715FB91E28A4AE002A0EEC /* Main.storyboard */ = {
			isa = PBXVariantGroup;
			children = (
				59715FBA1E28A4AE002A0EEC /* Base */,
			);
			name = Main.storyboard;
			sourceTree = "<group>";
		};
		59715FBE1E28A4AE002A0EEC /* LaunchScreen.storyboard */ = {
			isa = PBXVariantGroup;
			children = (
				59715FBF1E28A4AE002A0EEC /* Base */,
			);
			name = LaunchScreen.storyboard;
			sourceTree = "<group>";
		};
/* End PBXVariantGroup section */

/* Begin XCBuildConfiguration section */
		59715FC21E28A4AE002A0EEC /* Debug */ = {
			isa = XCBuildConfiguration;
			buildSettings = {
				ALWAYS_SEARCH_USER_PATHS = NO;
				CLANG_ANALYZER_NONNULL = YES;
				CLANG_CXX_LANGUAGE_STANDARD = "gnu++0x";
				CLANG_CXX_LIBRARY = "libc++";
				CLANG_ENABLE_MODULES = YES;
				CLANG_ENABLE_OBJC_ARC = YES;
				CLANG_WARN_BOOL_CONVERSION = YES;
				CLANG_WARN_CONSTANT_CONVERSION = YES;
				CLANG_WARN_DIRECT_OBJC_ISA_USAGE = YES_ERROR;
				CLANG_WARN_DOCUMENTATION_COMMENTS = YES;
				CLANG_WARN_EMPTY_BODY = YES;
				CLANG_WARN_ENUM_CONVERSION = YES;
				CLANG_WARN_INFINITE_RECURSION = YES;
				CLANG_WARN_INT_CONVERSION = YES;
				CLANG_WARN_OBJC_ROOT_CLASS = YES_ERROR;
				CLANG_WARN_SUSPICIOUS_MOVE = YES;
				CLANG_WARN_UNREACHABLE_CODE = YES;
				CLANG_WARN__DUPLICATE_METHOD_MATCH = YES;
				"CODE_SIGN_IDENTITY[sdk=iphoneos*]" = "iPhone Developer";
				COPY_PHASE_STRIP = NO;
				DEBUG_INFORMATION_FORMAT = dwarf;
				ENABLE_STRICT_OBJC_MSGSEND = YES;
				ENABLE_TESTABILITY = YES;
				GCC_C_LANGUAGE_STANDARD = gnu99;
				GCC_DYNAMIC_NO_PIC = NO;
				GCC_NO_COMMON_BLOCKS = YES;
				GCC_OPTIMIZATION_LEVEL = 0;
				GCC_PREPROCESSOR_DEFINITIONS = (
					"DEBUG=1",
					"$(inherited)",
				);
				GCC_WARN_64_TO_32_BIT_CONVERSION = YES;
				GCC_WARN_ABOUT_RETURN_TYPE = YES_ERROR;
				GCC_WARN_UNDECLARED_SELECTOR = YES;
				GCC_WARN_UNINITIALIZED_AUTOS = YES_AGGRESSIVE;
				GCC_WARN_UNUSED_FUNCTION = YES;
				GCC_WARN_UNUSED_VARIABLE = YES;
				IPHONEOS_DEPLOYMENT_TARGET = 10.2;
				MTL_ENABLE_DEBUG_INFO = YES;
				ONLY_ACTIVE_ARCH = YES;
				SDKROOT = iphoneos;
				SWIFT_ACTIVE_COMPILATION_CONDITIONS = DEBUG;
				SWIFT_OPTIMIZATION_LEVEL = "-Onone";
				TARGETED_DEVICE_FAMILY = "1,2";
			};
			name = Debug;
		};
		59715FC31E28A4AE002A0EEC /* Release */ = {
			isa = XCBuildConfiguration;
			buildSettings = {
				ALWAYS_SEARCH_USER_PATHS = NO;
				CLANG_ANALYZER_NONNULL = YES;
				CLANG_CXX_LANGUAGE_STANDARD = "gnu++0x";
				CLANG_CXX_LIBRARY = "libc++";
				CLANG_ENABLE_MODULES = YES;
				CLANG_ENABLE_OBJC_ARC = YES;
				CLANG_WARN_BOOL_CONVERSION = YES;
				CLANG_WARN_CONSTANT_CONVERSION = YES;
				CLANG_WARN_DIRECT_OBJC_ISA_USAGE = YES_ERROR;
				CLANG_WARN_DOCUMENTATION_COMMENTS = YES;
				CLANG_WARN_EMPTY_BODY = YES;
				CLANG_WARN_ENUM_CONVERSION = YES;
				CLANG_WARN_INFINITE_RECURSION = YES;
				CLANG_WARN_INT_CONVERSION = YES;
				CLANG_WARN_OBJC_ROOT_CLASS = YES_ERROR;
				CLANG_WARN_SUSPICIOUS_MOVE = YES;
				CLANG_WARN_UNREACHABLE_CODE = YES;
				CLANG_WARN__DUPLICATE_METHOD_MATCH = YES;
				"CODE_SIGN_IDENTITY[sdk=iphoneos*]" = "iPhone Developer";
				COPY_PHASE_STRIP = NO;
				DEBUG_INFORMATION_FORMAT = "dwarf-with-dsym";
				ENABLE_NS_ASSERTIONS = NO;
				ENABLE_STRICT_OBJC_MSGSEND = YES;
				GCC_C_LANGUAGE_STANDARD = gnu99;
				GCC_NO_COMMON_BLOCKS = YES;
				GCC_WARN_64_TO_32_BIT_CONVERSION = YES;
				GCC_WARN_ABOUT_RETURN_TYPE = YES_ERROR;
				GCC_WARN_UNDECLARED_SELECTOR = YES;
				GCC_WARN_UNINITIALIZED_AUTOS = YES_AGGRESSIVE;
				GCC_WARN_UNUSED_FUNCTION = YES;
				GCC_WARN_UNUSED_VARIABLE = YES;
				IPHONEOS_DEPLOYMENT_TARGET = 10.2;
				MTL_ENABLE_DEBUG_INFO = NO;
				SDKROOT = iphoneos;
				SWIFT_OPTIMIZATION_LEVEL = "-Owholemodule";
				TARGETED_DEVICE_FAMILY = "1,2";
				VALIDATE_PRODUCT = YES;
			};
			name = Release;
		};
		59715FC51E28A4AE002A0EEC /* Debug */ = {
			isa = XCBuildConfiguration;
			buildSettings = {
				ASSETCATALOG_COMPILER_APPICON_NAME = AppIcon;
				DEVELOPMENT_TEAM = Z95VW56SK2;
				INFOPLIST_FILE = Project5/Info.plist;
				LD_RUNPATH_SEARCH_PATHS = "$(inherited) @executable_path/Frameworks";
				PRODUCT_BUNDLE_IDENTIFIER = com.mindboostapps.Project5;
				PRODUCT_NAME = "$(TARGET_NAME)";
				SWIFT_VERSION = 3.0;
			};
			name = Debug;
		};
		59715FC61E28A4AE002A0EEC /* Release */ = {
			isa = XCBuildConfiguration;
			buildSettings = {
				ASSETCATALOG_COMPILER_APPICON_NAME = AppIcon;
				DEVELOPMENT_TEAM = Z95VW56SK2;
				INFOPLIST_FILE = Project5/Info.plist;
				LD_RUNPATH_SEARCH_PATHS = "$(inherited) @executable_path/Frameworks";
				PRODUCT_BUNDLE_IDENTIFIER = com.mindboostapps.Project5;
				PRODUCT_NAME = "$(TARGET_NAME)";
				SWIFT_VERSION = 3.0;
			};
			name = Release;
		};
/* End XCBuildConfiguration section */

/* Begin XCConfigurationList section */
		59715FAD1E28A4AE002A0EEC /* Build configuration list for PBXProject "Project5" */ = {
			isa = XCConfigurationList;
			buildConfigurations = (
				59715FC21E28A4AE002A0EEC /* Debug */,
				59715FC31E28A4AE002A0EEC /* Release */,
			);
			defaultConfigurationIsVisible = 0;
			defaultConfigurationName = Release;
		};
		59715FC41E28A4AE002A0EEC /* Build configuration list for PBXNativeTarget "Project5" */ = {
			isa = XCConfigurationList;
			buildConfigurations = (
				59715FC51E28A4AE002A0EEC /* Debug */,
				59715FC61E28A4AE002A0EEC /* Release */,
			);
			defaultConfigurationIsVisible = 0;
		};
/* End XCConfigurationList section */
	};
	rootObject = 59715FAA1E28A4AE002A0EEC /* Project object */;
}
