// !$*UTF8*$!
{
	archiveVersion = 1;
	classes = {
	};
	objectVersion = 46;
	objects = {

/* Begin PBXBuildFile section */
		59BEB6FB1E3597B7002F6C75 /* AppDelegate.swift in Sources */ = {isa = PBXBuildFile; fileRef = 59BEB6FA1E3597B7002F6C75 /* AppDelegate.swift */; };
		59BEB6FD1E3597B7002F6C75 /* ViewController.swift in Sources */ = {isa = PBXBuildFile; fileRef = 59BEB6FC1E3597B7002F6C75 /* ViewController.swift */; };
		59BEB7001E3597B7002F6C75 /* Main.storyboard in Resources */ = {isa = PBXBuildFile; fileRef = 59BEB6FE1E3597B7002F6C75 /* Main.storyboard */; };
		59BEB7021E3597B7002F6C75 /* Assets.xcassets in Resources */ = {isa = PBXBuildFile; fileRef = 59BEB7011E3597B7002F6C75 /* Assets.xcassets */; };
		59BEB7051E3597B7002F6C75 /* LaunchScreen.storyboard in Resources */ = {isa = PBXBuildFile; fileRef = 59BEB7031E3597B7002F6C75 /* LaunchScreen.storyboard */; };
		59BEB70D1E359933002F6C75 /* PersonCell.swift in Sources */ = {isa = PBXBuildFile; fileRef = 59BEB70C1E359933002F6C75 /* PersonCell.swift */; };
		59ED367A1E35D34000B1DE91 /* Person.swift in Sources */ = {isa = PBXBuildFile; fileRef = 59ED36791E35D34000B1DE91 /* Person.swift */; };
/* End PBXBuildFile section */

/* Begin PBXFileReference section */
		59BEB6F71E3597B7002F6C75 /* Project10.app */ = {isa = PBXFileReference; explicitFileType = wrapper.application; includeInIndex = 0; path = Project10.app; sourceTree = BUILT_PRODUCTS_DIR; };
		59BEB6FA1E3597B7002F6C75 /* AppDelegate.swift */ = {isa = PBXFileReference; lastKnownFileType = sourcecode.swift; path = AppDelegate.swift; sourceTree = "<group>"; };
		59BEB6FC1E3597B7002F6C75 /* ViewController.swift */ = {isa = PBXFileReference; lastKnownFileType = sourcecode.swift; path = ViewController.swift; sourceTree = "<group>"; };
		59BEB6FF1E3597B7002F6C75 /* Base */ = {isa = PBXFileReference; lastKnownFileType = file.storyboard; name = Base; path = Base.lproj/Main.storyboard; sourceTree = "<group>"; };
		59BEB7011E3597B7002F6C75 /* Assets.xcassets */ = {isa = PBXFileReference; lastKnownFileType = folder.assetcatalog; path = Assets.xcassets; sourceTree = "<group>"; };
		59BEB7041E3597B7002F6C75 /* Base */ = {isa = PBXFileReference; lastKnownFileType = file.storyboard; name = Base; path = Base.lproj/LaunchScreen.storyboard; sourceTree = "<group>"; };
		59BEB7061E3597B7002F6C75 /* Info.plist */ = {isa = PBXFileReference; lastKnownFileType = text.plist.xml; path = Info.plist; sourceTree = "<group>"; };
		59BEB70C1E359933002F6C75 /* PersonCell.swift */ = {isa = PBXFileReference; fileEncoding = 4; lastKnownFileType = sourcecode.swift; path = PersonCell.swift; sourceTree = "<group>"; };
		59ED36791E35D34000B1DE91 /* Person.swift */ = {isa = PBXFileReference; fileEncoding = 4; lastKnownFileType = sourcecode.swift; name = Person.swift; path = ../Person.swift; sourceTree = "<group>"; };
/* End PBXFileReference section */

/* Begin PBXFrameworksBuildPhase section */
		59BEB6F41E3597B7002F6C75 /* Frameworks */ = {
			isa = PBXFrameworksBuildPhase;
			buildActionMask = 2147483647;
			files = (
			);
			runOnlyForDeploymentPostprocessing = 0;
		};
/* End PBXFrameworksBuildPhase section */

/* Begin PBXGroup section */
		59BEB6EE1E3597B7002F6C75 = {
			isa = PBXGroup;
			children = (
				59BEB6F91E3597B7002F6C75 /* Project10 */,
				59BEB6F81E3597B7002F6C75 /* Products */,
			);
			sourceTree = "<group>";
		};
		59BEB6F81E3597B7002F6C75 /* Products */ = {
			isa = PBXGroup;
			children = (
				59BEB6F71E3597B7002F6C75 /* Project10.app */,
			);
			name = Products;
			sourceTree = "<group>";
		};
		59BEB6F91E3597B7002F6C75 /* Project10 */ = {
			isa = PBXGroup;
			children = (
				59ED36791E35D34000B1DE91 /* Person.swift */,
				59BEB6FA1E3597B7002F6C75 /* AppDelegate.swift */,
				59BEB6FC1E3597B7002F6C75 /* ViewController.swift */,
				59BEB6FE1E3597B7002F6C75 /* Main.storyboard */,
				59BEB70C1E359933002F6C75 /* PersonCell.swift */,
				59BEB7011E3597B7002F6C75 /* Assets.xcassets */,
				59BEB7031E3597B7002F6C75 /* LaunchScreen.storyboard */,
				59BEB7061E3597B7002F6C75 /* Info.plist */,
			);
			path = Project10;
			sourceTree = "<group>";
		};
/* End PBXGroup section */

/* Begin PBXNativeTarget section */
		59BEB6F61E3597B7002F6C75 /* Project10 */ = {
			isa = PBXNativeTarget;
			buildConfigurationList = 59BEB7091E3597B7002F6C75 /* Build configuration list for PBXNativeTarget "Project10" */;
			buildPhases = (
				59BEB6F31E3597B7002F6C75 /* Sources */,
				59BEB6F41E3597B7002F6C75 /* Frameworks */,
				59BEB6F51E3597B7002F6C75 /* Resources */,
			);
			buildRules = (
			);
			dependencies = (
			);
			name = Project10;
			productName = Project10;
			productReference = 59BEB6F71E3597B7002F6C75 /* Project10.app */;
			productType = "com.apple.product-type.application";
		};
/* End PBXNativeTarget section */

/* Begin PBXProject section */
		59BEB6EF1E3597B7002F6C75 /* Project object */ = {
			isa = PBXProject;
			attributes = {
				LastSwiftUpdateCheck = 0820;
				LastUpgradeCheck = 0820;
				ORGANIZATIONNAME = "D D";
				TargetAttributes = {
					59BEB6F61E3597B7002F6C75 = {
						CreatedOnToolsVersion = 8.2.1;
						DevelopmentTeam = Z95VW56SK2;
						ProvisioningStyle = Automatic;
					};
				};
			};
			buildConfigurationList = 59BEB6F21E3597B7002F6C75 /* Build configuration list for PBXProject "Project10" */;
			compatibilityVersion = "Xcode 3.2";
			developmentRegion = English;
			hasScannedForEncodings = 0;
			knownRegions = (
				en,
				Base,
			);
			mainGroup = 59BEB6EE1E3597B7002F6C75;
			productRefGroup = 59BEB6F81E3597B7002F6C75 /* Products */;
			projectDirPath = "";
			projectRoot = "";
			targets = (
				59BEB6F61E3597B7002F6C75 /* Project10 */,
			);
		};
/* End PBXProject section */

/* Begin PBXResourcesBuildPhase section */
		59BEB6F51E3597B7002F6C75 /* Resources */ = {
			isa = PBXResourcesBuildPhase;
			buildActionMask = 2147483647;
			files = (
				59BEB7051E3597B7002F6C75 /* LaunchScreen.storyboard in Resources */,
				59BEB7021E3597B7002F6C75 /* Assets.xcassets in Resources */,
				59BEB7001E3597B7002F6C75 /* Main.storyboard in Resources */,
			);
			runOnlyForDeploymentPostprocessing = 0;
		};
/* End PBXResourcesBuildPhase section */

/* Begin PBXSourcesBuildPhase section */
		59BEB6F31E3597B7002F6C75 /* Sources */ = {
			isa = PBXSourcesBuildPhase;
			buildActionMask = 2147483647;
			files = (
				59BEB70D1E359933002F6C75 /* PersonCell.swift in Sources */,
				59BEB6FD1E3597B7002F6C75 /* ViewController.swift in Sources */,
				59ED367A1E35D34000B1DE91 /* Person.swift in Sources */,
				59BEB6FB1E3597B7002F6C75 /* AppDelegate.swift in Sources */,
			);
			runOnlyForDeploymentPostprocessing = 0;
		};
/* End PBXSourcesBuildPhase section */

/* Begin PBXVariantGroup section */
		59BEB6FE1E3597B7002F6C75 /* Main.storyboard */ = {
			isa = PBXVariantGroup;
			children = (
				59BEB6FF1E3597B7002F6C75 /* Base */,
			);
			name = Main.storyboard;
			sourceTree = "<group>";
		};
		59BEB7031E3597B7002F6C75 /* LaunchScreen.storyboard */ = {
			isa = PBXVariantGroup;
			children = (
				59BEB7041E3597B7002F6C75 /* Base */,
			);
			name = LaunchScreen.storyboard;
			sourceTree = "<group>";
		};
/* End PBXVariantGroup section */

/* Begin XCBuildConfiguration section */
		59BEB7071E3597B7002F6C75 /* Debug */ = {
			isa = XCBuildConfiguration;
			buildSettings = {
				ALWAYS_SEARCH_USER_PATHS = NO;
				CLANG_ANALYZER_NONNULL = YES;
				CLANG_CXX_LANGUAGE_STANDARD = "gnu++0x";
				CLANG_CXX_LIBRARY = "libc++";
				CLANG_ENABLE_MODULES = YES;
				CLANG_ENABLE_OBJC_ARC = YES;
				CLANG_WARN_BOOL_CONVERSION = YES;
				CLANG_WARN_CONSTANT_CONVERSION = YES;
				CLANG_WARN_DIRECT_OBJC_ISA_USAGE = YES_ERROR;
				CLANG_WARN_DOCUMENTATION_COMMENTS = YES;
				CLANG_WARN_EMPTY_BODY = YES;
				CLANG_WARN_ENUM_CONVERSION = YES;
				CLANG_WARN_INFINITE_RECURSION = YES;
				CLANG_WARN_INT_CONVERSION = YES;
				CLANG_WARN_OBJC_ROOT_CLASS = YES_ERROR;
				CLANG_WARN_SUSPICIOUS_MOVE = YES;
				CLANG_WARN_UNREACHABLE_CODE = YES;
				CLANG_WARN__DUPLICATE_METHOD_MATCH = YES;
				"CODE_SIGN_IDENTITY[sdk=iphoneos*]" = "iPhone Developer";
				COPY_PHASE_STRIP = NO;
				DEBUG_INFORMATION_FORMAT = dwarf;
				ENABLE_STRICT_OBJC_MSGSEND = YES;
				ENABLE_TESTABILITY = YES;
				GCC_C_LANGUAGE_STANDARD = gnu99;
				GCC_DYNAMIC_NO_PIC = NO;
				GCC_NO_COMMON_BLOCKS = YES;
				GCC_OPTIMIZATION_LEVEL = 0;
				GCC_PREPROCESSOR_DEFINITIONS = (
					"DEBUG=1",
					"$(inherited)",
				);
				GCC_WARN_64_TO_32_BIT_CONVERSION = YES;
				GCC_WARN_ABOUT_RETURN_TYPE = YES_ERROR;
				GCC_WARN_UNDECLARED_SELECTOR = YES;
				GCC_WARN_UNINITIALIZED_AUTOS = YES_AGGRESSIVE;
				GCC_WARN_UNUSED_FUNCTION = YES;
				GCC_WARN_UNUSED_VARIABLE = YES;
				IPHONEOS_DEPLOYMENT_TARGET = 10.2;
				MTL_ENABLE_DEBUG_INFO = YES;
				ONLY_ACTIVE_ARCH = YES;
				SDKROOT = iphoneos;
				SWIFT_ACTIVE_COMPILATION_CONDITIONS = DEBUG;
				SWIFT_OPTIMIZATION_LEVEL = "-Onone";
				TARGETED_DEVICE_FAMILY = "1,2";
			};
			name = Debug;
		};
		59BEB7081E3597B7002F6C75 /* Release */ = {
			isa = XCBuildConfiguration;
			buildSettings = {
				ALWAYS_SEARCH_USER_PATHS = NO;
				CLANG_ANALYZER_NONNULL = YES;
				CLANG_CXX_LANGUAGE_STANDARD = "gnu++0x";
				CLANG_CXX_LIBRARY = "libc++";
				CLANG_ENABLE_MODULES = YES;
				CLANG_ENABLE_OBJC_ARC = YES;
				CLANG_WARN_BOOL_CONVERSION = YES;
				CLANG_WARN_CONSTANT_CONVERSION = YES;
				CLANG_WARN_DIRECT_OBJC_ISA_USAGE = YES_ERROR;
				CLANG_WARN_DOCUMENTATION_COMMENTS = YES;
				CLANG_WARN_EMPTY_BODY = YES;
				CLANG_WARN_ENUM_CONVERSION = YES;
				CLANG_WARN_INFINITE_RECURSION = YES;
				CLANG_WARN_INT_CONVERSION = YES;
				CLANG_WARN_OBJC_ROOT_CLASS = YES_ERROR;
				CLANG_WARN_SUSPICIOUS_MOVE = YES;
				CLANG_WARN_UNREACHABLE_CODE = YES;
				CLANG_WARN__DUPLICATE_METHOD_MATCH = YES;
				"CODE_SIGN_IDENTITY[sdk=iphoneos*]" = "iPhone Developer";
				COPY_PHASE_STRIP = NO;
				DEBUG_INFORMATION_FORMAT = "dwarf-with-dsym";
				ENABLE_NS_ASSERTIONS = NO;
				ENABLE_STRICT_OBJC_MSGSEND = YES;
				GCC_C_LANGUAGE_STANDARD = gnu99;
				GCC_NO_COMMON_BLOCKS = YES;
				GCC_WARN_64_TO_32_BIT_CONVERSION = YES;
				GCC_WARN_ABOUT_RETURN_TYPE = YES_ERROR;
				GCC_WARN_UNDECLARED_SELECTOR = YES;
				GCC_WARN_UNINITIALIZED_AUTOS = YES_AGGRESSIVE;
				GCC_WARN_UNUSED_FUNCTION = YES;
				GCC_WARN_UNUSED_VARIABLE = YES;
				IPHONEOS_DEPLOYMENT_TARGET = 10.2;
				MTL_ENABLE_DEBUG_INFO = NO;
				SDKROOT = iphoneos;
				SWIFT_OPTIMIZATION_LEVEL = "-Owholemodule";
				TARGETED_DEVICE_FAMILY = "1,2";
				VALIDATE_PRODUCT = YES;
			};
			name = Release;
		};
		59BEB70A1E3597B7002F6C75 /* Debug */ = {
			isa = XCBuildConfiguration;
			buildSettings = {
				ASSETCATALOG_COMPILER_APPICON_NAME = AppIcon;
				DEVELOPMENT_TEAM = Z95VW56SK2;
				INFOPLIST_FILE = Project10/Info.plist;
				LD_RUNPATH_SEARCH_PATHS = "$(inherited) @executable_path/Frameworks";
				PRODUCT_BUNDLE_IDENTIFIER = com.dd.Project10;
				PRODUCT_NAME = "$(TARGET_NAME)";
				SWIFT_VERSION = 3.0;
			};
			name = Debug;
		};
		59BEB70B1E3597B7002F6C75 /* Release */ = {
			isa = XCBuildConfiguration;
			buildSettings = {
				ASSETCATALOG_COMPILER_APPICON_NAME = AppIcon;
				DEVELOPMENT_TEAM = Z95VW56SK2;
				INFOPLIST_FILE = Project10/Info.plist;
				LD_RUNPATH_SEARCH_PATHS = "$(inherited) @executable_path/Frameworks";
				PRODUCT_BUNDLE_IDENTIFIER = com.dd.Project10;
				PRODUCT_NAME = "$(TARGET_NAME)";
				SWIFT_VERSION = 3.0;
			};
			name = Release;
		};
/* End XCBuildConfiguration section */

/* Begin XCConfigurationList section */
		59BEB6F21E3597B7002F6C75 /* Build configuration list for PBXProject "Project10" */ = {
			isa = XCConfigurationList;
			buildConfigurations = (
				59BEB7071E3597B7002F6C75 /* Debug */,
				59BEB7081E3597B7002F6C75 /* Release */,
			);
			defaultConfigurationIsVisible = 0;
			defaultConfigurationName = Release;
		};
		59BEB7091E3597B7002F6C75 /* Build configuration list for PBXNativeTarget "Project10" */ = {
			isa = XCConfigurationList;
			buildConfigurations = (
				59BEB70A1E3597B7002F6C75 /* Debug */,
				59BEB70B1E3597B7002F6C75 /* Release */,
			);
			defaultConfigurationIsVisible = 0;
			defaultConfigurationName = Release;
		};
/* End XCConfigurationList section */
	};
	rootObject = 59BEB6EF1E3597B7002F6C75 /* Project object */;
}
