// !$*UTF8*$!
{
	archiveVersion = 1;
	classes = {
	};
	objectVersion = 46;
	objects = {

/* Begin PBXBuildFile section */
		59860DCC1E943B70003B8E14 /* AppDelegate.swift in Sources */ = {isa = PBXBuildFile; fileRef = 59860DCB1E943B70003B8E14 /* AppDelegate.swift */; };
		59860DCE1E943B70003B8E14 /* GameScene.sks in Resources */ = {isa = PBXBuildFile; fileRef = 59860DCD1E943B70003B8E14 /* GameScene.sks */; };
		59860DD01E943B70003B8E14 /* Actions.sks in Resources */ = {isa = PBXBuildFile; fileRef = 59860DCF1E943B70003B8E14 /* Actions.sks */; };
		59860DD21E943B70003B8E14 /* GameScene.swift in Sources */ = {isa = PBXBuildFile; fileRef = 59860DD11E943B70003B8E14 /* GameScene.swift */; };
		59860DD41E943B70003B8E14 /* GameViewController.swift in Sources */ = {isa = PBXBuildFile; fileRef = 59860DD31E943B70003B8E14 /* GameViewController.swift */; };
		59860DD71E943B70003B8E14 /* Main.storyboard in Resources */ = {isa = PBXBuildFile; fileRef = 59860DD51E943B70003B8E14 /* Main.storyboard */; };
		59860DD91E943B70003B8E14 /* Assets.xcassets in Resources */ = {isa = PBXBuildFile; fileRef = 59860DD81E943B70003B8E14 /* Assets.xcassets */; };
		59860DDC1E943B70003B8E14 /* LaunchScreen.storyboard in Resources */ = {isa = PBXBuildFile; fileRef = 59860DDA1E943B70003B8E14 /* LaunchScreen.storyboard */; };
		59860DE41E943BC8003B8E14 /* Helper.swift in Sources */ = {isa = PBXBuildFile; fileRef = 59860DE31E943BC8003B8E14 /* Helper.swift */; };
		59860DE71E943BE8003B8E14 /* hitBuilding.sks in Resources */ = {isa = PBXBuildFile; fileRef = 59860DE51E943BE8003B8E14 /* hitBuilding.sks */; };
		59860DE81E943BE8003B8E14 /* hitPlayer.sks in Resources */ = {isa = PBXBuildFile; fileRef = 59860DE61E943BE8003B8E14 /* hitPlayer.sks */; };
		59860DEA1E943C3C003B8E14 /* BuildingNode.swift in Sources */ = {isa = PBXBuildFile; fileRef = 59860DE91E943C3C003B8E14 /* BuildingNode.swift */; };
		59860DEC1E944BFB003B8E14 /* Assets.atlas in Resources */ = {isa = PBXBuildFile; fileRef = 59860DEB1E944BFB003B8E14 /* Assets.atlas */; };
/* End PBXBuildFile section */

/* Begin PBXFileReference section */
		59860DC81E943B6F003B8E14 /* Project29.app */ = {isa = PBXFileReference; explicitFileType = wrapper.application; includeInIndex = 0; path = Project29.app; sourceTree = BUILT_PRODUCTS_DIR; };
		59860DCB1E943B70003B8E14 /* AppDelegate.swift */ = {isa = PBXFileReference; lastKnownFileType = sourcecode.swift; path = AppDelegate.swift; sourceTree = "<group>"; };
		59860DCD1E943B70003B8E14 /* GameScene.sks */ = {isa = PBXFileReference; lastKnownFileType = file.sks; path = GameScene.sks; sourceTree = "<group>"; };
		59860DCF1E943B70003B8E14 /* Actions.sks */ = {isa = PBXFileReference; lastKnownFileType = file.sks; path = Actions.sks; sourceTree = "<group>"; };
		59860DD11E943B70003B8E14 /* GameScene.swift */ = {isa = PBXFileReference; lastKnownFileType = sourcecode.swift; path = GameScene.swift; sourceTree = "<group>"; };
		59860DD31E943B70003B8E14 /* GameViewController.swift */ = {isa = PBXFileReference; lastKnownFileType = sourcecode.swift; path = GameViewController.swift; sourceTree = "<group>"; };
		59860DD61E943B70003B8E14 /* Base */ = {isa = PBXFileReference; lastKnownFileType = file.storyboard; name = Base; path = Base.lproj/Main.storyboard; sourceTree = "<group>"; };
		59860DD81E943B70003B8E14 /* Assets.xcassets */ = {isa = PBXFileReference; lastKnownFileType = folder.assetcatalog; path = Assets.xcassets; sourceTree = "<group>"; };
		59860DDB1E943B70003B8E14 /* Base */ = {isa = PBXFileReference; lastKnownFileType = file.storyboard; name = Base; path = Base.lproj/LaunchScreen.storyboard; sourceTree = "<group>"; };
		59860DDD1E943B70003B8E14 /* Info.plist */ = {isa = PBXFileReference; lastKnownFileType = text.plist.xml; path = Info.plist; sourceTree = "<group>"; };
		59860DE31E943BC8003B8E14 /* Helper.swift */ = {isa = PBXFileReference; fileEncoding = 4; lastKnownFileType = sourcecode.swift; path = Helper.swift; sourceTree = "<group>"; };
		59860DE51E943BE8003B8E14 /* hitBuilding.sks */ = {isa = PBXFileReference; lastKnownFileType = file.sks; path = hitBuilding.sks; sourceTree = "<group>"; };
		59860DE61E943BE8003B8E14 /* hitPlayer.sks */ = {isa = PBXFileReference; lastKnownFileType = file.sks; path = hitPlayer.sks; sourceTree = "<group>"; };
		59860DE91E943C3C003B8E14 /* BuildingNode.swift */ = {isa = PBXFileReference; fileEncoding = 4; lastKnownFileType = sourcecode.swift; path = BuildingNode.swift; sourceTree = "<group>"; };
		59860DEB1E944BFB003B8E14 /* Assets.atlas */ = {isa = PBXFileReference; lastKnownFileType = folder.skatlas; path = Assets.atlas; sourceTree = "<group>"; };
/* End PBXFileReference section */

/* Begin PBXFrameworksBuildPhase section */
		59860DC51E943B6F003B8E14 /* Frameworks */ = {
			isa = PBXFrameworksBuildPhase;
			buildActionMask = 2147483647;
			files = (
			);
			runOnlyForDeploymentPostprocessing = 0;
		};
/* End PBXFrameworksBuildPhase section */

/* Begin PBXGroup section */
		59860DBF1E943B6F003B8E14 = {
			isa = PBXGroup;
			children = (
				59860DCA1E943B6F003B8E14 /* Project29 */,
				59860DC91E943B6F003B8E14 /* Products */,
			);
			sourceTree = "<group>";
		};
		59860DC91E943B6F003B8E14 /* Products */ = {
			isa = PBXGroup;
			children = (
				59860DC81E943B6F003B8E14 /* Project29.app */,
			);
			name = Products;
			sourceTree = "<group>";
		};
		59860DCA1E943B6F003B8E14 /* Project29 */ = {
			isa = PBXGroup;
			children = (
				59860DCB1E943B70003B8E14 /* AppDelegate.swift */,
				59860DCD1E943B70003B8E14 /* GameScene.sks */,
				59860DE91E943C3C003B8E14 /* BuildingNode.swift */,
				59860DE51E943BE8003B8E14 /* hitBuilding.sks */,
				59860DE61E943BE8003B8E14 /* hitPlayer.sks */,
				59860DCF1E943B70003B8E14 /* Actions.sks */,
				59860DD11E943B70003B8E14 /* GameScene.swift */,
				59860DD31E943B70003B8E14 /* GameViewController.swift */,
				59860DD51E943B70003B8E14 /* Main.storyboard */,
				59860DD81E943B70003B8E14 /* Assets.xcassets */,
				59860DEB1E944BFB003B8E14 /* Assets.atlas */,
				59860DDA1E943B70003B8E14 /* LaunchScreen.storyboard */,
				59860DDD1E943B70003B8E14 /* Info.plist */,
				59860DE31E943BC8003B8E14 /* Helper.swift */,
			);
			path = Project29;
			sourceTree = "<group>";
		};
/* End PBXGroup section */

/* Begin PBXNativeTarget section */
		59860DC71E943B6F003B8E14 /* Project29 */ = {
			isa = PBXNativeTarget;
			buildConfigurationList = 59860DE01E943B70003B8E14 /* Build configuration list for PBXNativeTarget "Project29" */;
			buildPhases = (
				59860DC41E943B6F003B8E14 /* Sources */,
				59860DC51E943B6F003B8E14 /* Frameworks */,
				59860DC61E943B6F003B8E14 /* Resources */,
			);
			buildRules = (
			);
			dependencies = (
			);
			name = Project29;
			productName = Project29;
			productReference = 59860DC81E943B6F003B8E14 /* Project29.app */;
			productType = "com.apple.product-type.application";
		};
/* End PBXNativeTarget section */

/* Begin PBXProject section */
		59860DC01E943B6F003B8E14 /* Project object */ = {
			isa = PBXProject;
			attributes = {
				LastSwiftUpdateCheck = 0830;
				LastUpgradeCheck = 0830;
				ORGANIZATIONNAME = "D D";
				TargetAttributes = {
					59860DC71E943B6F003B8E14 = {
						CreatedOnToolsVersion = 8.3;
						DevelopmentTeam = Z95VW56SK2;
						ProvisioningStyle = Automatic;
					};
				};
			};
			buildConfigurationList = 59860DC31E943B6F003B8E14 /* Build configuration list for PBXProject "Project29" */;
			compatibilityVersion = "Xcode 3.2";
			developmentRegion = English;
			hasScannedForEncodings = 0;
			knownRegions = (
				en,
				Base,
			);
			mainGroup = 59860DBF1E943B6F003B8E14;
			productRefGroup = 59860DC91E943B6F003B8E14 /* Products */;
			projectDirPath = "";
			projectRoot = "";
			targets = (
				59860DC71E943B6F003B8E14 /* Project29 */,
			);
		};
/* End PBXProject section */

/* Begin PBXResourcesBuildPhase section */
		59860DC61E943B6F003B8E14 /* Resources */ = {
			isa = PBXResourcesBuildPhase;
			buildActionMask = 2147483647;
			files = (
				59860DE81E943BE8003B8E14 /* hitPlayer.sks in Resources */,
				59860DD71E943B70003B8E14 /* Main.storyboard in Resources */,
				59860DEC1E944BFB003B8E14 /* Assets.atlas in Resources */,
				59860DCE1E943B70003B8E14 /* GameScene.sks in Resources */,
				59860DD91E943B70003B8E14 /* Assets.xcassets in Resources */,
				59860DDC1E943B70003B8E14 /* LaunchScreen.storyboard in Resources */,
				59860DD01E943B70003B8E14 /* Actions.sks in Resources */,
				59860DE71E943BE8003B8E14 /* hitBuilding.sks in Resources */,
			);
			runOnlyForDeploymentPostprocessing = 0;
		};
/* End PBXResourcesBuildPhase section */

/* Begin PBXSourcesBuildPhase section */
		59860DC41E943B6F003B8E14 /* Sources */ = {
			isa = PBXSourcesBuildPhase;
			buildActionMask = 2147483647;
			files = (
				59860DD21E943B70003B8E14 /* GameScene.swift in Sources */,
				59860DEA1E943C3C003B8E14 /* BuildingNode.swift in Sources */,
				59860DD41E943B70003B8E14 /* GameViewController.swift in Sources */,
				59860DCC1E943B70003B8E14 /* AppDelegate.swift in Sources */,
				59860DE41E943BC8003B8E14 /* Helper.swift in Sources */,
			);
			runOnlyForDeploymentPostprocessing = 0;
		};
/* End PBXSourcesBuildPhase section */

/* Begin PBXVariantGroup section */
		59860DD51E943B70003B8E14 /* Main.storyboard */ = {
			isa = PBXVariantGroup;
			children = (
				59860DD61E943B70003B8E14 /* Base */,
			);
			name = Main.storyboard;
			sourceTree = "<group>";
		};
		59860DDA1E943B70003B8E14 /* LaunchScreen.storyboard */ = {
			isa = PBXVariantGroup;
			children = (
				59860DDB1E943B70003B8E14 /* Base */,
			);
			name = LaunchScreen.storyboard;
			sourceTree = "<group>";
		};
/* End PBXVariantGroup section */

/* Begin XCBuildConfiguration section */
		59860DDE1E943B70003B8E14 /* Debug */ = {
			isa = XCBuildConfiguration;
			buildSettings = {
				ALWAYS_SEARCH_USER_PATHS = NO;
				CLANG_ANALYZER_NONNULL = YES;
				CLANG_ANALYZER_NUMBER_OBJECT_CONVERSION = YES_AGGRESSIVE;
				CLANG_CXX_LANGUAGE_STANDARD = "gnu++0x";
				CLANG_CXX_LIBRARY = "libc++";
				CLANG_ENABLE_MODULES = YES;
				CLANG_ENABLE_OBJC_ARC = YES;
				CLANG_WARN_BOOL_CONVERSION = YES;
				CLANG_WARN_CONSTANT_CONVERSION = YES;
				CLANG_WARN_DIRECT_OBJC_ISA_USAGE = YES_ERROR;
				CLANG_WARN_DOCUMENTATION_COMMENTS = YES;
				CLANG_WARN_EMPTY_BODY = YES;
				CLANG_WARN_ENUM_CONVERSION = YES;
				CLANG_WARN_INFINITE_RECURSION = YES;
				CLANG_WARN_INT_CONVERSION = YES;
				CLANG_WARN_OBJC_ROOT_CLASS = YES_ERROR;
				CLANG_WARN_SUSPICIOUS_MOVE = YES;
				CLANG_WARN_UNREACHABLE_CODE = YES;
				CLANG_WARN__DUPLICATE_METHOD_MATCH = YES;
				"CODE_SIGN_IDENTITY[sdk=iphoneos*]" = "iPhone Developer";
				COPY_PHASE_STRIP = NO;
				DEBUG_INFORMATION_FORMAT = dwarf;
				ENABLE_STRICT_OBJC_MSGSEND = YES;
				ENABLE_TESTABILITY = YES;
				GCC_C_LANGUAGE_STANDARD = gnu99;
				GCC_DYNAMIC_NO_PIC = NO;
				GCC_NO_COMMON_BLOCKS = YES;
				GCC_OPTIMIZATION_LEVEL = 0;
				GCC_PREPROCESSOR_DEFINITIONS = (
					"DEBUG=1",
					"$(inherited)",
				);
				GCC_WARN_64_TO_32_BIT_CONVERSION = YES;
				GCC_WARN_ABOUT_RETURN_TYPE = YES_ERROR;
				GCC_WARN_UNDECLARED_SELECTOR = YES;
				GCC_WARN_UNINITIALIZED_AUTOS = YES_AGGRESSIVE;
				GCC_WARN_UNUSED_FUNCTION = YES;
				GCC_WARN_UNUSED_VARIABLE = YES;
				IPHONEOS_DEPLOYMENT_TARGET = 10.3;
				MTL_ENABLE_DEBUG_INFO = YES;
				ONLY_ACTIVE_ARCH = YES;
				SDKROOT = iphoneos;
				SWIFT_ACTIVE_COMPILATION_CONDITIONS = DEBUG;
				SWIFT_OPTIMIZATION_LEVEL = "-Onone";
				TARGETED_DEVICE_FAMILY = 2;
			};
			name = Debug;
		};
		59860DDF1E943B70003B8E14 /* Release */ = {
			isa = XCBuildConfiguration;
			buildSettings = {
				ALWAYS_SEARCH_USER_PATHS = NO;
				CLANG_ANALYZER_NONNULL = YES;
				CLANG_ANALYZER_NUMBER_OBJECT_CONVERSION = YES_AGGRESSIVE;
				CLANG_CXX_LANGUAGE_STANDARD = "gnu++0x";
				CLANG_CXX_LIBRARY = "libc++";
				CLANG_ENABLE_MODULES = YES;
				CLANG_ENABLE_OBJC_ARC = YES;
				CLANG_WARN_BOOL_CONVERSION = YES;
				CLANG_WARN_CONSTANT_CONVERSION = YES;
				CLANG_WARN_DIRECT_OBJC_ISA_USAGE = YES_ERROR;
				CLANG_WARN_DOCUMENTATION_COMMENTS = YES;
				CLANG_WARN_EMPTY_BODY = YES;
				CLANG_WARN_ENUM_CONVERSION = YES;
				CLANG_WARN_INFINITE_RECURSION = YES;
				CLANG_WARN_INT_CONVERSION = YES;
				CLANG_WARN_OBJC_ROOT_CLASS = YES_ERROR;
				CLANG_WARN_SUSPICIOUS_MOVE = YES;
				CLANG_WARN_UNREACHABLE_CODE = YES;
				CLANG_WARN__DUPLICATE_METHOD_MATCH = YES;
				"CODE_SIGN_IDENTITY[sdk=iphoneos*]" = "iPhone Developer";
				COPY_PHASE_STRIP = NO;
				DEBUG_INFORMATION_FORMAT = "dwarf-with-dsym";
				ENABLE_NS_ASSERTIONS = NO;
				ENABLE_STRICT_OBJC_MSGSEND = YES;
				GCC_C_LANGUAGE_STANDARD = gnu99;
				GCC_NO_COMMON_BLOCKS = YES;
				GCC_WARN_64_TO_32_BIT_CONVERSION = YES;
				GCC_WARN_ABOUT_RETURN_TYPE = YES_ERROR;
				GCC_WARN_UNDECLARED_SELECTOR = YES;
				GCC_WARN_UNINITIALIZED_AUTOS = YES_AGGRESSIVE;
				GCC_WARN_UNUSED_FUNCTION = YES;
				GCC_WARN_UNUSED_VARIABLE = YES;
				IPHONEOS_DEPLOYMENT_TARGET = 10.3;
				MTL_ENABLE_DEBUG_INFO = NO;
				SDKROOT = iphoneos;
				SWIFT_OPTIMIZATION_LEVEL = "-Owholemodule";
				TARGETED_DEVICE_FAMILY = 2;
				VALIDATE_PRODUCT = YES;
			};
			name = Release;
		};
		59860DE11E943B70003B8E14 /* Debug */ = {
			isa = XCBuildConfiguration;
			buildSettings = {
				ASSETCATALOG_COMPILER_APPICON_NAME = AppIcon;
				DEVELOPMENT_TEAM = Z95VW56SK2;
				INFOPLIST_FILE = Project29/Info.plist;
				IPHONEOS_DEPLOYMENT_TARGET = 10.2;
				LD_RUNPATH_SEARCH_PATHS = "$(inherited) @executable_path/Frameworks";
				PRODUCT_BUNDLE_IDENTIFIER = com.dd.Project29;
				PRODUCT_NAME = "$(TARGET_NAME)";
				SWIFT_VERSION = 3.0;
			};
			name = Debug;
		};
		59860DE21E943B70003B8E14 /* Release */ = {
			isa = XCBuildConfiguration;
			buildSettings = {
				ASSETCATALOG_COMPILER_APPICON_NAME = AppIcon;
				DEVELOPMENT_TEAM = Z95VW56SK2;
				INFOPLIST_FILE = Project29/Info.plist;
				IPHONEOS_DEPLOYMENT_TARGET = 10.2;
				LD_RUNPATH_SEARCH_PATHS = "$(inherited) @executable_path/Frameworks";
				PRODUCT_BUNDLE_IDENTIFIER = com.dd.Project29;
				PRODUCT_NAME = "$(TARGET_NAME)";
				SWIFT_VERSION = 3.0;
			};
			name = Release;
		};
/* End XCBuildConfiguration section */

/* Begin XCConfigurationList section */
		59860DC31E943B6F003B8E14 /* Build configuration list for PBXProject "Project29" */ = {
			isa = XCConfigurationList;
			buildConfigurations = (
				59860DDE1E943B70003B8E14 /* Debug */,
				59860DDF1E943B70003B8E14 /* Release */,
			);
			defaultConfigurationIsVisible = 0;
			defaultConfigurationName = Release;
		};
		59860DE01E943B70003B8E14 /* Build configuration list for PBXNativeTarget "Project29" */ = {
			isa = XCConfigurationList;
			buildConfigurations = (
				59860DE11E943B70003B8E14 /* Debug */,
				59860DE21E943B70003B8E14 /* Release */,
			);
			defaultConfigurationIsVisible = 0;
		};
/* End XCConfigurationList section */
	};
	rootObject = 59860DC01E943B6F003B8E14 /* Project object */;
}
